
Microsoft Visual Studio Solution File, Format Version 12.00
# Visual Studio 2012
Project("{FAE04EC0-301F-11D3-BF4B-00C04F79EFBC}") = "PhoneDirectoryApp", "PhoneDirectoryApp\PhoneDirectoryApp.csproj", "{2905862F-2115-44DF-89AD-774201D5EA88}"
EndProject
Project("{FAE04EC0-301F-11D3-BF4B-00C04F79EFBC}") = "MoqUnitTest", "MoqUnitTest\MoqUnitTest.csproj", "{3771FD95-B6B4-4862-B66B-D41AE313CCA8}"
EndProject
Global
	GlobalSection(SolutionConfigurationPlatforms) = preSolution
		Debug|Any CPU = Debug|Any CPU
		Release|Any CPU = Release|Any CPU
	EndGlobalSection
	GlobalSection(ProjectConfigurationPlatforms) = postSolution
		{2905862F-2115-44DF-89AD-774201D5EA88}.Debug|Any CPU.ActiveCfg = Debug|Any CPU
		{2905862F-2115-44DF-89AD-774201D5EA88}.Debug|Any CPU.Build.0 = Debug|Any CPU
		{2905862F-2115-44DF-89AD-774201D5EA88}.Release|Any CPU.ActiveCfg = Release|Any CPU
		{2905862F-2115-44DF-89AD-774201D5EA88}.Release|Any CPU.Build.0 = Release|Any CPU
		{3771FD95-B6B4-4862-B66B-D41AE313CCA8}.Debug|Any CPU.ActiveCfg = Debug|Any CPU
		{3771FD95-B6B4-4862-B66B-D41AE313CCA8}.Debug|Any CPU.Build.0 = Debug|Any CPU
		{3771FD95-B6B4-4862-B66B-D41AE313CCA8}.Release|Any CPU.ActiveCfg = Release|Any CPU
		{3771FD95-B6B4-4862-B66B-D41AE313CCA8}.Release|Any CPU.Build.0 = Release|Any CPU
	EndGlobalSection
	GlobalSection(SolutionProperties) = preSolution
		HideSolutionNode = FALSE
	EndGlobalSection
EndGlobal
