
Microsoft Visual Studio Solution File, Format Version 12.00
# Visual Studio 2012
Project("{FAE04EC0-301F-11D3-BF4B-00C04F79EFBC}") = "JasonApplication", "JasonApplication\JasonApplication.csproj", "{50DE5912-1706-4012-A41D-9BB4F7954FE5}"
EndProject
Global
	GlobalSection(SolutionConfigurationPlatforms) = preSolution
		Debug|Any CPU = Debug|Any CPU
		Release|Any CPU = Release|Any CPU
	EndGlobalSection
	GlobalSection(ProjectConfigurationPlatforms) = postSolution
		{50DE5912-1706-4012-A41D-9BB4F7954FE5}.Debug|Any CPU.ActiveCfg = Debug|Any CPU
		{50DE5912-1706-4012-A41D-9BB4F7954FE5}.Debug|Any CPU.Build.0 = Debug|Any CPU
		{50DE5912-1706-4012-A41D-9BB4F7954FE5}.Release|Any CPU.ActiveCfg = Release|Any CPU
		{50DE5912-1706-4012-A41D-9BB4F7954FE5}.Release|Any CPU.Build.0 = Release|Any CPU
	EndGlobalSection
	GlobalSection(SolutionProperties) = preSolution
		HideSolutionNode = FALSE
	EndGlobalSection
EndGlobal
