
Microsoft Visual Studio Solution File, Format Version 12.00
# Visual Studio 2012
Project("{FAE04EC0-301F-11D3-BF4B-00C04F79EFBC}") = "MVC4StudentsApplication", "MVC4StudentsApplication\MVC4StudentsApplication.csproj", "{8A8EEFBD-5353-4A99-B8F0-9765C82C0809}"
EndProject
Project("{FAE04EC0-301F-11D3-BF4B-00C04F79EFBC}") = "MVC4StudentsApplication.Tests", "MVC4StudentsApplication.Tests\MVC4StudentsApplication.Tests.csproj", "{94AC09A8-3B8F-415D-8F73-93884D97514D}"
EndProject
Global
	GlobalSection(SolutionConfigurationPlatforms) = preSolution
		Debug|Any CPU = Debug|Any CPU
		Release|Any CPU = Release|Any CPU
	EndGlobalSection
	GlobalSection(ProjectConfigurationPlatforms) = postSolution
		{8A8EEFBD-5353-4A99-B8F0-9765C82C0809}.Debug|Any CPU.ActiveCfg = Debug|Any CPU
		{8A8EEFBD-5353-4A99-B8F0-9765C82C0809}.Debug|Any CPU.Build.0 = Debug|Any CPU
		{8A8EEFBD-5353-4A99-B8F0-9765C82C0809}.Release|Any CPU.ActiveCfg = Release|Any CPU
		{8A8EEFBD-5353-4A99-B8F0-9765C82C0809}.Release|Any CPU.Build.0 = Release|Any CPU
		{94AC09A8-3B8F-415D-8F73-93884D97514D}.Debug|Any CPU.ActiveCfg = Debug|Any CPU
		{94AC09A8-3B8F-415D-8F73-93884D97514D}.Debug|Any CPU.Build.0 = Debug|Any CPU
		{94AC09A8-3B8F-415D-8F73-93884D97514D}.Release|Any CPU.ActiveCfg = Release|Any CPU
		{94AC09A8-3B8F-415D-8F73-93884D97514D}.Release|Any CPU.Build.0 = Release|Any CPU
	EndGlobalSection
	GlobalSection(SolutionProperties) = preSolution
		HideSolutionNode = FALSE
	EndGlobalSection
EndGlobal
